// !$*UTF8*$!
{
	archiveVersion = 1;
	classes = {
	};
	objectVersion = 50;
	objects = {

/* Begin PBXBuildFile section */
		88376C6C25E6233D0076167C /* AppDelegate.swift in Sources */ = {isa = PBXBuildFile; fileRef = 88376C6B25E6233D0076167C /* AppDelegate.swift */; };
		88376C6E25E6233D0076167C /* SceneDelegate.swift in Sources */ = {isa = PBXBuildFile; fileRef = 88376C6D25E6233D0076167C /* SceneDelegate.swift */; };
		88376C7325E6233D0076167C /* Main.storyboard in Resources */ = {isa = PBXBuildFile; fileRef = 88376C7125E6233D0076167C /* Main.storyboard */; };
		88376C7625E6233D0076167C /* SpeedDial.xcdatamodeld in Sources */ = {isa = PBXBuildFile; fileRef = 88376C7425E6233D0076167C /* SpeedDial.xcdatamodeld */; };
		88376C7B25E6233E0076167C /* LaunchScreen.storyboard in Resources */ = {isa = PBXBuildFile; fileRef = 88376C7925E6233E0076167C /* LaunchScreen.storyboard */; };
		88376C8625E6233E0076167C /* SpeedDialTests.swift in Sources */ = {isa = PBXBuildFile; fileRef = 88376C8525E6233E0076167C /* SpeedDialTests.swift */; };
		88376C9125E6233E0076167C /* SpeedDialUITests.swift in Sources */ = {isa = PBXBuildFile; fileRef = 88376C9025E6233E0076167C /* SpeedDialUITests.swift */; };
		88376CAD25E623A80076167C /* DialVC.swift in Sources */ = {isa = PBXBuildFile; fileRef = 88376CAC25E623A80076167C /* DialVC.swift */; };
		88376CB725E625320076167C /* DialCell.swift in Sources */ = {isa = PBXBuildFile; fileRef = 88376CB525E625320076167C /* DialCell.swift */; };
		88376CB825E625320076167C /* DialCell.xib in Resources */ = {isa = PBXBuildFile; fileRef = 88376CB625E625320076167C /* DialCell.xib */; };
		88376CDD25E630BC0076167C /* Assets.xcassets in Resources */ = {isa = PBXBuildFile; fileRef = 88376CDC25E630BC0076167C /* Assets.xcassets */; };
/* End PBXBuildFile section */

/* Begin PBXContainerItemProxy section */
		88376C8225E6233E0076167C /* PBXContainerItemProxy */ = {
			isa = PBXContainerItemProxy;
			containerPortal = 88376C6025E6233D0076167C /* Project object */;
			proxyType = 1;
			remoteGlobalIDString = 88376C6725E6233D0076167C;
			remoteInfo = SpeedDial;
		};
		88376C8D25E6233E0076167C /* PBXContainerItemProxy */ = {
			isa = PBXContainerItemProxy;
			containerPortal = 88376C6025E6233D0076167C /* Project object */;
			proxyType = 1;
			remoteGlobalIDString = 88376C6725E6233D0076167C;
			remoteInfo = SpeedDial;
		};
/* End PBXContainerItemProxy section */

/* Begin PBXFileReference section */
		88376C6825E6233D0076167C /* SpeedDial.app */ = {isa = PBXFileReference; explicitFileType = wrapper.application; includeInIndex = 0; path = SpeedDial.app; sourceTree = BUILT_PRODUCTS_DIR; };
		88376C6B25E6233D0076167C /* AppDelegate.swift */ = {isa = PBXFileReference; lastKnownFileType = sourcecode.swift; path = AppDelegate.swift; sourceTree = "<group>"; };
		88376C6D25E6233D0076167C /* SceneDelegate.swift */ = {isa = PBXFileReference; lastKnownFileType = sourcecode.swift; path = SceneDelegate.swift; sourceTree = "<group>"; };
		88376C7225E6233D0076167C /* Base */ = {isa = PBXFileReference; lastKnownFileType = file.storyboard; name = Base; path = Base.lproj/Main.storyboard; sourceTree = "<group>"; };
		88376C7525E6233D0076167C /* SpeedDial.xcdatamodel */ = {isa = PBXFileReference; lastKnownFileType = wrapper.xcdatamodel; path = SpeedDial.xcdatamodel; sourceTree = "<group>"; };
		88376C7A25E6233E0076167C /* Base */ = {isa = PBXFileReference; lastKnownFileType = file.storyboard; name = Base; path = Base.lproj/LaunchScreen.storyboard; sourceTree = "<group>"; };
		88376C7C25E6233E0076167C /* Info.plist */ = {isa = PBXFileReference; lastKnownFileType = text.plist.xml; path = Info.plist; sourceTree = "<group>"; };
		88376C8125E6233E0076167C /* SpeedDialTests.xctest */ = {isa = PBXFileReference; explicitFileType = wrapper.cfbundle; includeInIndex = 0; path = SpeedDialTests.xctest; sourceTree = BUILT_PRODUCTS_DIR; };
		88376C8525E6233E0076167C /* SpeedDialTests.swift */ = {isa = PBXFileReference; lastKnownFileType = sourcecode.swift; path = SpeedDialTests.swift; sourceTree = "<group>"; };
		88376C8725E6233E0076167C /* Info.plist */ = {isa = PBXFileReference; lastKnownFileType = text.plist.xml; path = Info.plist; sourceTree = "<group>"; };
		88376C8C25E6233E0076167C /* SpeedDialUITests.xctest */ = {isa = PBXFileReference; explicitFileType = wrapper.cfbundle; includeInIndex = 0; path = SpeedDialUITests.xctest; sourceTree = BUILT_PRODUCTS_DIR; };
		88376C9025E6233E0076167C /* SpeedDialUITests.swift */ = {isa = PBXFileReference; lastKnownFileType = sourcecode.swift; path = SpeedDialUITests.swift; sourceTree = "<group>"; };
		88376C9225E6233E0076167C /* Info.plist */ = {isa = PBXFileReference; lastKnownFileType = text.plist.xml; path = Info.plist; sourceTree = "<group>"; };
		88376CAC25E623A80076167C /* DialVC.swift */ = {isa = PBXFileReference; lastKnownFileType = sourcecode.swift; path = DialVC.swift; sourceTree = "<group>"; };
		88376CB525E625320076167C /* DialCell.swift */ = {isa = PBXFileReference; lastKnownFileType = sourcecode.swift; path = DialCell.swift; sourceTree = "<group>"; };
		88376CB625E625320076167C /* DialCell.xib */ = {isa = PBXFileReference; lastKnownFileType = file.xib; path = DialCell.xib; sourceTree = "<group>"; };
		88376CDC25E630BC0076167C /* Assets.xcassets */ = {isa = PBXFileReference; lastKnownFileType = folder.assetcatalog; path = Assets.xcassets; sourceTree = "<group>"; };
/* End PBXFileReference section */

/* Begin PBXFrameworksBuildPhase section */
		88376C6525E6233D0076167C /* Frameworks */ = {
			isa = PBXFrameworksBuildPhase;
			buildActionMask = 2147483647;
			files = (
			);
			runOnlyForDeploymentPostprocessing = 0;
		};
		88376C7E25E6233E0076167C /* Frameworks */ = {
			isa = PBXFrameworksBuildPhase;
			buildActionMask = 2147483647;
			files = (
			);
			runOnlyForDeploymentPostprocessing = 0;
		};
		88376C8925E6233E0076167C /* Frameworks */ = {
			isa = PBXFrameworksBuildPhase;
			buildActionMask = 2147483647;
			files = (
			);
			runOnlyForDeploymentPostprocessing = 0;
		};
/* End PBXFrameworksBuildPhase section */

/* Begin PBXGroup section */
		88376C5F25E6233D0076167C = {
			isa = PBXGroup;
			children = (
				88376C6A25E6233D0076167C /* SpeedDial */,
				88376C8425E6233E0076167C /* SpeedDialTests */,
				88376C8F25E6233E0076167C /* SpeedDialUITests */,
				88376C6925E6233D0076167C /* Products */,
			);
			sourceTree = "<group>";
		};
		88376C6925E6233D0076167C /* Products */ = {
			isa = PBXGroup;
			children = (
				88376C6825E6233D0076167C /* SpeedDial.app */,
				88376C8125E6233E0076167C /* SpeedDialTests.xctest */,
				88376C8C25E6233E0076167C /* SpeedDialUITests.xctest */,
			);
			name = Products;
			sourceTree = "<group>";
		};
		88376C6A25E6233D0076167C /* SpeedDial */ = {
			isa = PBXGroup;
			children = (
				88376CA125E6234E0076167C /* AppDeligate */,
				88376CA525E6235C0076167C /* Cotrollers */,
				88376C7125E6233D0076167C /* Main.storyboard */,
				88376C7925E6233E0076167C /* LaunchScreen.storyboard */,
				88376CDC25E630BC0076167C /* Assets.xcassets */,
				88376C7C25E6233E0076167C /* Info.plist */,
				88376C7425E6233D0076167C /* SpeedDial.xcdatamodeld */,
			);
			path = SpeedDial;
			sourceTree = "<group>";
		};
		88376C8425E6233E0076167C /* SpeedDialTests */ = {
			isa = PBXGroup;
			children = (
				88376C8525E6233E0076167C /* SpeedDialTests.swift */,
				88376C8725E6233E0076167C /* Info.plist */,
			);
			path = SpeedDialTests;
			sourceTree = "<group>";
		};
		88376C8F25E6233E0076167C /* SpeedDialUITests */ = {
			isa = PBXGroup;
			children = (
				88376C9025E6233E0076167C /* SpeedDialUITests.swift */,
				88376C9225E6233E0076167C /* Info.plist */,
			);
			path = SpeedDialUITests;
			sourceTree = "<group>";
		};
		88376CA125E6234E0076167C /* AppDeligate */ = {
			isa = PBXGroup;
			children = (
				88376C6B25E6233D0076167C /* AppDelegate.swift */,
				88376C6D25E6233D0076167C /* SceneDelegate.swift */,
			);
			path = AppDeligate;
			sourceTree = "<group>";
		};
		88376CA525E6235C0076167C /* Cotrollers */ = {
			isa = PBXGroup;
			children = (
				88376CBC25E625390076167C /* DialTableViewCell */,
				88376CB125E623AF0076167C /* Dial View Controller */,
			);
			path = Cotrollers;
			sourceTree = "<group>";
		};
		88376CB125E623AF0076167C /* Dial View Controller */ = {
			isa = PBXGroup;
			children = (
				88376CAC25E623A80076167C /* DialVC.swift */,
			);
			path = "Dial View Controller";
			sourceTree = "<group>";
		};
		88376CBC25E625390076167C /* DialTableViewCell */ = {
			isa = PBXGroup;
			children = (
				88376CB525E625320076167C /* DialCell.swift */,
				88376CB625E625320076167C /* DialCell.xib */,
			);
			path = DialTableViewCell;
			sourceTree = "<group>";
		};
/* End PBXGroup section */

/* Begin PBXNativeTarget section */
		88376C6725E6233D0076167C /* SpeedDial */ = {
			isa = PBXNativeTarget;
			buildConfigurationList = 88376C9525E6233E0076167C /* Build configuration list for PBXNativeTarget "SpeedDial" */;
			buildPhases = (
				88376C6425E6233D0076167C /* Sources */,
				88376C6525E6233D0076167C /* Frameworks */,
				88376C6625E6233D0076167C /* Resources */,
			);
			buildRules = (
			);
			dependencies = (
			);
			name = SpeedDial;
			productName = SpeedDial;
			productReference = 88376C6825E6233D0076167C /* SpeedDial.app */;
			productType = "com.apple.product-type.application";
		};
		88376C8025E6233E0076167C /* SpeedDialTests */ = {
			isa = PBXNativeTarget;
			buildConfigurationList = 88376C9825E6233E0076167C /* Build configuration list for PBXNativeTarget "SpeedDialTests" */;
			buildPhases = (
				88376C7D25E6233E0076167C /* Sources */,
				88376C7E25E6233E0076167C /* Frameworks */,
				88376C7F25E6233E0076167C /* Resources */,
			);
			buildRules = (
			);
			dependencies = (
				88376C8325E6233E0076167C /* PBXTargetDependency */,
			);
			name = SpeedDialTests;
			productName = SpeedDialTests;
			productReference = 88376C8125E6233E0076167C /* SpeedDialTests.xctest */;
			productType = "com.apple.product-type.bundle.unit-test";
		};
		88376C8B25E6233E0076167C /* SpeedDialUITests */ = {
			isa = PBXNativeTarget;
			buildConfigurationList = 88376C9B25E6233E0076167C /* Build configuration list for PBXNativeTarget "SpeedDialUITests" */;
			buildPhases = (
				88376C8825E6233E0076167C /* Sources */,
				88376C8925E6233E0076167C /* Frameworks */,
				88376C8A25E6233E0076167C /* Resources */,
			);
			buildRules = (
			);
			dependencies = (
				88376C8E25E6233E0076167C /* PBXTargetDependency */,
			);
			name = SpeedDialUITests;
			productName = SpeedDialUITests;
			productReference = 88376C8C25E6233E0076167C /* SpeedDialUITests.xctest */;
			productType = "com.apple.product-type.bundle.ui-testing";
		};
/* End PBXNativeTarget section */

/* Begin PBXProject section */
		88376C6025E6233D0076167C /* Project object */ = {
			isa = PBXProject;
			attributes = {
				LastSwiftUpdateCheck = 1220;
				LastUpgradeCheck = 1220;
				TargetAttributes = {
					88376C6725E6233D0076167C = {
						CreatedOnToolsVersion = 12.2;
					};
					88376C8025E6233E0076167C = {
						CreatedOnToolsVersion = 12.2;
						TestTargetID = 88376C6725E6233D0076167C;
					};
					88376C8B25E6233E0076167C = {
						CreatedOnToolsVersion = 12.2;
						TestTargetID = 88376C6725E6233D0076167C;
					};
				};
			};
			buildConfigurationList = 88376C6325E6233D0076167C /* Build configuration list for PBXProject "SpeedDial" */;
			compatibilityVersion = "Xcode 9.3";
			developmentRegion = en;
			hasScannedForEncodings = 0;
			knownRegions = (
				en,
				Base,
			);
			mainGroup = 88376C5F25E6233D0076167C;
			productRefGroup = 88376C6925E6233D0076167C /* Products */;
			projectDirPath = "";
			projectRoot = "";
			targets = (
				88376C6725E6233D0076167C /* SpeedDial */,
				88376C8025E6233E0076167C /* SpeedDialTests */,
				88376C8B25E6233E0076167C /* SpeedDialUITests */,
			);
		};
/* End PBXProject section */

/* Begin PBXResourcesBuildPhase section */
		88376C6625E6233D0076167C /* Resources */ = {
			isa = PBXResourcesBuildPhase;
			buildActionMask = 2147483647;
			files = (
				88376C7B25E6233E0076167C /* LaunchScreen.storyboard in Resources */,
				88376C7325E6233D0076167C /* Main.storyboard in Resources */,
				88376CB825E625320076167C /* DialCell.xib in Resources */,
				88376CDD25E630BC0076167C /* Assets.xcassets in Resources */,
			);
			runOnlyForDeploymentPostprocessing = 0;
		};
		88376C7F25E6233E0076167C /* Resources */ = {
			isa = PBXResourcesBuildPhase;
			buildActionMask = 2147483647;
			files = (
			);
			runOnlyForDeploymentPostprocessing = 0;
		};
		88376C8A25E6233E0076167C /* Resources */ = {
			isa = PBXResourcesBuildPhase;
			buildActionMask = 2147483647;
			files = (
			);
			runOnlyForDeploymentPostprocessing = 0;
		};
/* End PBXResourcesBuildPhase section */

/* Begin PBXSourcesBuildPhase section */
		88376C6425E6233D0076167C /* Sources */ = {
			isa = PBXSourcesBuildPhase;
			buildActionMask = 2147483647;
			files = (
				88376C7625E6233D0076167C /* SpeedDial.xcdatamodeld in Sources */,
				88376CB725E625320076167C /* DialCell.swift in Sources */,
				88376C6C25E6233D0076167C /* AppDelegate.swift in Sources */,
				88376CAD25E623A80076167C /* DialVC.swift in Sources */,
				88376C6E25E6233D0076167C /* SceneDelegate.swift in Sources */,
			);
			runOnlyForDeploymentPostprocessing = 0;
		};
		88376C7D25E6233E0076167C /* Sources */ = {
			isa = PBXSourcesBuildPhase;
			buildActionMask = 2147483647;
			files = (
				88376C8625E6233E0076167C /* SpeedDialTests.swift in Sources */,
			);
			runOnlyForDeploymentPostprocessing = 0;
		};
		88376C8825E6233E0076167C /* Sources */ = {
			isa = PBXSourcesBuildPhase;
			buildActionMask = 2147483647;
			files = (
				88376C9125E6233E0076167C /* SpeedDialUITests.swift in Sources */,
			);
			runOnlyForDeploymentPostprocessing = 0;
		};
/* End PBXSourcesBuildPhase section */

/* Begin PBXTargetDependency section */
		88376C8325E6233E0076167C /* PBXTargetDependency */ = {
			isa = PBXTargetDependency;
			target = 88376C6725E6233D0076167C /* SpeedDial */;
			targetProxy = 88376C8225E6233E0076167C /* PBXContainerItemProxy */;
		};
		88376C8E25E6233E0076167C /* PBXTargetDependency */ = {
			isa = PBXTargetDependency;
			target = 88376C6725E6233D0076167C /* SpeedDial */;
			targetProxy = 88376C8D25E6233E0076167C /* PBXContainerItemProxy */;
		};
/* End PBXTargetDependency section */

/* Begin PBXVariantGroup section */
		88376C7125E6233D0076167C /* Main.storyboard */ = {
			isa = PBXVariantGroup;
			children = (
				88376C7225E6233D0076167C /* Base */,
			);
			name = Main.storyboard;
			sourceTree = "<group>";
		};
		88376C7925E6233E0076167C /* LaunchScreen.storyboard */ = {
			isa = PBXVariantGroup;
			children = (
				88376C7A25E6233E0076167C /* Base */,
			);
			name = LaunchScreen.storyboard;
			sourceTree = "<group>";
		};
/* End PBXVariantGroup section */

/* Begin XCBuildConfiguration section */
		88376C9325E6233E0076167C /* Debug */ = {
			isa = XCBuildConfiguration;
			buildSettings = {
				ALWAYS_SEARCH_USER_PATHS = NO;
				CLANG_ANALYZER_NONNULL = YES;
				CLANG_ANALYZER_NUMBER_OBJECT_CONVERSION = YES_AGGRESSIVE;
				CLANG_CXX_LANGUAGE_STANDARD = "gnu++14";
				CLANG_CXX_LIBRARY = "libc++";
				CLANG_ENABLE_MODULES = YES;
				CLANG_ENABLE_OBJC_ARC = YES;
				CLANG_ENABLE_OBJC_WEAK = YES;
				CLANG_WARN_BLOCK_CAPTURE_AUTORELEASING = YES;
				CLANG_WARN_BOOL_CONVERSION = YES;
				CLANG_WARN_COMMA = YES;
				CLANG_WARN_CONSTANT_CONVERSION = YES;
				CLANG_WARN_DEPRECATED_OBJC_IMPLEMENTATIONS = YES;
				CLANG_WARN_DIRECT_OBJC_ISA_USAGE = YES_ERROR;
				CLANG_WARN_DOCUMENTATION_COMMENTS = YES;
				CLANG_WARN_EMPTY_BODY = YES;
				CLANG_WARN_ENUM_CONVERSION = YES;
				CLANG_WARN_INFINITE_RECURSION = YES;
				CLANG_WARN_INT_CONVERSION = YES;
				CLANG_WARN_NON_LITERAL_NULL_CONVERSION = YES;
				CLANG_WARN_OBJC_IMPLICIT_RETAIN_SELF = YES;
				CLANG_WARN_OBJC_LITERAL_CONVERSION = YES;
				CLANG_WARN_OBJC_ROOT_CLASS = YES_ERROR;
				CLANG_WARN_QUOTED_INCLUDE_IN_FRAMEWORK_HEADER = YES;
				CLANG_WARN_RANGE_LOOP_ANALYSIS = YES;
				CLANG_WARN_STRICT_PROTOTYPES = YES;
				CLANG_WARN_SUSPICIOUS_MOVE = YES;
				CLANG_WARN_UNGUARDED_AVAILABILITY = YES_AGGRESSIVE;
				CLANG_WARN_UNREACHABLE_CODE = YES;
				CLANG_WARN__DUPLICATE_METHOD_MATCH = YES;
				COPY_PHASE_STRIP = NO;
				DEBUG_INFORMATION_FORMAT = dwarf;
				ENABLE_STRICT_OBJC_MSGSEND = YES;
				ENABLE_TESTABILITY = YES;
				GCC_C_LANGUAGE_STANDARD = gnu11;
				GCC_DYNAMIC_NO_PIC = NO;
				GCC_NO_COMMON_BLOCKS = YES;
				GCC_OPTIMIZATION_LEVEL = 0;
				GCC_PREPROCESSOR_DEFINITIONS = (
					"DEBUG=1",
					"$(inherited)",
				);
				GCC_WARN_64_TO_32_BIT_CONVERSION = YES;
				GCC_WARN_ABOUT_RETURN_TYPE = YES_ERROR;
				GCC_WARN_UNDECLARED_SELECTOR = YES;
				GCC_WARN_UNINITIALIZED_AUTOS = YES_AGGRESSIVE;
				GCC_WARN_UNUSED_FUNCTION = YES;
				GCC_WARN_UNUSED_VARIABLE = YES;
				IPHONEOS_DEPLOYMENT_TARGET = 14.2;
				MTL_ENABLE_DEBUG_INFO = INCLUDE_SOURCE;
				MTL_FAST_MATH = YES;
				ONLY_ACTIVE_ARCH = YES;
				SDKROOT = iphoneos;
				SWIFT_ACTIVE_COMPILATION_CONDITIONS = DEBUG;
				SWIFT_OPTIMIZATION_LEVEL = "-Onone";
			};
			name = Debug;
		};
		88376C9425E6233E0076167C /* Release */ = {
			isa = XCBuildConfiguration;
			buildSettings = {
				ALWAYS_SEARCH_USER_PATHS = NO;
				CLANG_ANALYZER_NONNULL = YES;
				CLANG_ANALYZER_NUMBER_OBJECT_CONVERSION = YES_AGGRESSIVE;
				CLANG_CXX_LANGUAGE_STANDARD = "gnu++14";
				CLANG_CXX_LIBRARY = "libc++";
				CLANG_ENABLE_MODULES = YES;
				CLANG_ENABLE_OBJC_ARC = YES;
				CLANG_ENABLE_OBJC_WEAK = YES;
				CLANG_WARN_BLOCK_CAPTURE_AUTORELEASING = YES;
				CLANG_WARN_BOOL_CONVERSION = YES;
				CLANG_WARN_COMMA = YES;
				CLANG_WARN_CONSTANT_CONVERSION = YES;
				CLANG_WARN_DEPRECATED_OBJC_IMPLEMENTATIONS = YES;
				CLANG_WARN_DIRECT_OBJC_ISA_USAGE = YES_ERROR;
				CLANG_WARN_DOCUMENTATION_COMMENTS = YES;
				CLANG_WARN_EMPTY_BODY = YES;
				CLANG_WARN_ENUM_CONVERSION = YES;
				CLANG_WARN_INFINITE_RECURSION = YES;
				CLANG_WARN_INT_CONVERSION = YES;
				CLANG_WARN_NON_LITERAL_NULL_CONVERSION = YES;
				CLANG_WARN_OBJC_IMPLICIT_RETAIN_SELF = YES;
				CLANG_WARN_OBJC_LITERAL_CONVERSION = YES;
				CLANG_WARN_OBJC_ROOT_CLASS = YES_ERROR;
				CLANG_WARN_QUOTED_INCLUDE_IN_FRAMEWORK_HEADER = YES;
				CLANG_WARN_RANGE_LOOP_ANALYSIS = YES;
				CLANG_WARN_STRICT_PROTOTYPES = YES;
				CLANG_WARN_SUSPICIOUS_MOVE = YES;
				CLANG_WARN_UNGUARDED_AVAILABILITY = YES_AGGRESSIVE;
				CLANG_WARN_UNREACHABLE_CODE = YES;
				CLANG_WARN__DUPLICATE_METHOD_MATCH = YES;
				COPY_PHASE_STRIP = NO;
				DEBUG_INFORMATION_FORMAT = "dwarf-with-dsym";
				ENABLE_NS_ASSERTIONS = NO;
				ENABLE_STRICT_OBJC_MSGSEND = YES;
				GCC_C_LANGUAGE_STANDARD = gnu11;
				GCC_NO_COMMON_BLOCKS = YES;
				GCC_WARN_64_TO_32_BIT_CONVERSION = YES;
				GCC_WARN_ABOUT_RETURN_TYPE = YES_ERROR;
				GCC_WARN_UNDECLARED_SELECTOR = YES;
				GCC_WARN_UNINITIALIZED_AUTOS = YES_AGGRESSIVE;
				GCC_WARN_UNUSED_FUNCTION = YES;
				GCC_WARN_UNUSED_VARIABLE = YES;
				IPHONEOS_DEPLOYMENT_TARGET = 14.2;
				MTL_ENABLE_DEBUG_INFO = NO;
				MTL_FAST_MATH = YES;
				SDKROOT = iphoneos;
				SWIFT_COMPILATION_MODE = wholemodule;
				SWIFT_OPTIMIZATION_LEVEL = "-O";
				VALIDATE_PRODUCT = YES;
			};
			name = Release;
		};
		88376C9625E6233E0076167C /* Debug */ = {
			isa = XCBuildConfiguration;
			buildSettings = {
				ASSETCATALOG_COMPILER_APPICON_NAME = AppIcon;
				ASSETCATALOG_COMPILER_GLOBAL_ACCENT_COLOR_NAME = AccentColor;
				CODE_SIGN_STYLE = Automatic;
				DEVELOPMENT_TEAM = UMF7249LB9;
				INFOPLIST_FILE = SpeedDial/Info.plist;
				LD_RUNPATH_SEARCH_PATHS = (
					"$(inherited)",
					"@executable_path/Frameworks",
				);
				PRODUCT_BUNDLE_IDENTIFIER = test.004.SpeedDial;
				PRODUCT_NAME = "$(TARGET_NAME)";
				SWIFT_VERSION = 5.0;
				TARGETED_DEVICE_FAMILY = "1,2";
			};
			name = Debug;
		};
		88376C9725E6233E0076167C /* Release */ = {
			isa = XCBuildConfiguration;
			buildSettings = {
				ASSETCATALOG_COMPILER_APPICON_NAME = AppIcon;
				ASSETCATALOG_COMPILER_GLOBAL_ACCENT_COLOR_NAME = AccentColor;
				CODE_SIGN_STYLE = Automatic;
				DEVELOPMENT_TEAM = UMF7249LB9;
				INFOPLIST_FILE = SpeedDial/Info.plist;
				LD_RUNPATH_SEARCH_PATHS = (
					"$(inherited)",
					"@executable_path/Frameworks",
				);
				PRODUCT_BUNDLE_IDENTIFIER = test.004.SpeedDial;
				PRODUCT_NAME = "$(TARGET_NAME)";
				SWIFT_VERSION = 5.0;
				TARGETED_DEVICE_FAMILY = "1,2";
			};
			name = Release;
		};
		88376C9925E6233E0076167C /* Debug */ = {
			isa = XCBuildConfiguration;
			buildSettings = {
				ALWAYS_EMBED_SWIFT_STANDARD_LIBRARIES = YES;
				BUNDLE_LOADER = "$(TEST_HOST)";
				CODE_SIGN_STYLE = Automatic;
				INFOPLIST_FILE = SpeedDialTests/Info.plist;
				IPHONEOS_DEPLOYMENT_TARGET = 14.2;
				LD_RUNPATH_SEARCH_PATHS = (
					"$(inherited)",
					"@executable_path/Frameworks",
					"@loader_path/Frameworks",
				);
				PRODUCT_BUNDLE_IDENTIFIER = test.SpeedDialTests;
				PRODUCT_NAME = "$(TARGET_NAME)";
				SWIFT_VERSION = 5.0;
				TARGETED_DEVICE_FAMILY = "1,2";
				TEST_HOST = "$(BUILT_PRODUCTS_DIR)/SpeedDial.app/SpeedDial";
			};
			name = Debug;
		};
		88376C9A25E6233E0076167C /* Release */ = {
			isa = XCBuildConfiguration;
			buildSettings = {
				ALWAYS_EMBED_SWIFT_STANDARD_LIBRARIES = YES;
				BUNDLE_LOADER = "$(TEST_HOST)";
				CODE_SIGN_STYLE = Automatic;
				INFOPLIST_FILE = SpeedDialTests/Info.plist;
				IPHONEOS_DEPLOYMENT_TARGET = 14.2;
				LD_RUNPATH_SEARCH_PATHS = (
					"$(inherited)",
					"@executable_path/Frameworks",
					"@loader_path/Frameworks",
				);
				PRODUCT_BUNDLE_IDENTIFIER = test.SpeedDialTests;
				PRODUCT_NAME = "$(TARGET_NAME)";
				SWIFT_VERSION = 5.0;
				TARGETED_DEVICE_FAMILY = "1,2";
				TEST_HOST = "$(BUILT_PRODUCTS_DIR)/SpeedDial.app/SpeedDial";
			};
			name = Release;
		};
		88376C9C25E6233E0076167C /* Debug */ = {
			isa = XCBuildConfiguration;
			buildSettings = {
				ALWAYS_EMBED_SWIFT_STANDARD_LIBRARIES = YES;
				CODE_SIGN_STYLE = Automatic;
				INFOPLIST_FILE = SpeedDialUITests/Info.plist;
				LD_RUNPATH_SEARCH_PATHS = (
					"$(inherited)",
					"@executable_path/Frameworks",
					"@loader_path/Frameworks",
				);
				PRODUCT_BUNDLE_IDENTIFIER = test.SpeedDialUITests;
				PRODUCT_NAME = "$(TARGET_NAME)";
				SWIFT_VERSION = 5.0;
				TARGETED_DEVICE_FAMILY = "1,2";
				TEST_TARGET_NAME = SpeedDial;
			};
			name = Debug;
		};
		88376C9D25E6233E0076167C /* Release */ = {
			isa = XCBuildConfiguration;
			buildSettings = {
				ALWAYS_EMBED_SWIFT_STANDARD_LIBRARIES = YES;
				CODE_SIGN_STYLE = Automatic;
				INFOPLIST_FILE = SpeedDialUITests/Info.plist;
				LD_RUNPATH_SEARCH_PATHS = (
					"$(inherited)",
					"@executable_path/Frameworks",
					"@loader_path/Frameworks",
				);
				PRODUCT_BUNDLE_IDENTIFIER = test.SpeedDialUITests;
				PRODUCT_NAME = "$(TARGET_NAME)";
				SWIFT_VERSION = 5.0;
				TARGETED_DEVICE_FAMILY = "1,2";
				TEST_TARGET_NAME = SpeedDial;
			};
			name = Release;
		};
/* End XCBuildConfiguration section */

/* Begin XCConfigurationList section */
		88376C6325E6233D0076167C /* Build configuration list for PBXProject "SpeedDial" */ = {
			isa = XCConfigurationList;
			buildConfigurations = (
				88376C9325E6233E0076167C /* Debug */,
				88376C9425E6233E0076167C /* Release */,
			);
			defaultConfigurationIsVisible = 0;
			defaultConfigurationName = Release;
		};
		88376C9525E6233E0076167C /* Build configuration list for PBXNativeTarget "SpeedDial" */ = {
			isa = XCConfigurationList;
			buildConfigurations = (
				88376C9625E6233E0076167C /* Debug */,
				88376C9725E6233E0076167C /* Release */,
			);
			defaultConfigurationIsVisible = 0;
			defaultConfigurationName = Release;
		};
		88376C9825E6233E0076167C /* Build configuration list for PBXNativeTarget "SpeedDialTests" */ = {
			isa = XCConfigurationList;
			buildConfigurations = (
				88376C9925E6233E0076167C /* Debug */,
				88376C9A25E6233E0076167C /* Release */,
			);
			defaultConfigurationIsVisible = 0;
			defaultConfigurationName = Release;
		};
		88376C9B25E6233E0076167C /* Build configuration list for PBXNativeTarget "SpeedDialUITests" */ = {
			isa = XCConfigurationList;
			buildConfigurations = (
				88376C9C25E6233E0076167C /* Debug */,
				88376C9D25E6233E0076167C /* Release */,
			);
			defaultConfigurationIsVisible = 0;
			defaultConfigurationName = Release;
		};
/* End XCConfigurationList section */

/* Begin XCVersionGroup section */
		88376C7425E6233D0076167C /* SpeedDial.xcdatamodeld */ = {
			isa = XCVersionGroup;
			children = (
				88376C7525E6233D0076167C /* SpeedDial.xcdatamodel */,
			);
			currentVersion = 88376C7525E6233D0076167C /* SpeedDial.xcdatamodel */;
			path = SpeedDial.xcdatamodeld;
			sourceTree = "<group>";
			versionGroupType = wrapper.xcdatamodel;
		};
/* End XCVersionGroup section */
	};
	rootObject = 88376C6025E6233D0076167C /* Project object */;
}
